{
	"name": "mall-management",
	"version": "1.0.0",
	"lockfileVersion": 1,
	"requires": true,
	"dependencies": {
		"@dcloudio/uni-app": {
			"version": "2.0.2-4070620250821001",
			"resolved": "https://registry.npmjs.org/@dcloudio/uni-app/-/uni-app-2.0.2-4070620250821001.tgz",
			"integrity": "sha512-kZBLLRmFsF3HvqfgTKHh1NDb1G7L5jJXZ3rncrGnaIirc6mE4jpBoSeqQY5jFxgQXFdJVXsHvLezBi13XiqazA==",
			"dev": true
		},
		"@dcloudio/uni-app-plus": {
			"version": "2.0.2-4070620250821001",
			"resolved": "https://registry.npmjs.org/@dcloudio/uni-app-plus/-/uni-app-plus-2.0.2-4070620250821001.tgz",
			"integrity": "sha512-/cczyo6ojym9XP0ZRCzjMiOUsOuNVzcvxH3jIEiJxzkidiCTbGJVceG5ViSr+3ZL1d3W1nq91YUUycAL71/aiw==",
			"dev": true
		},
		"@dcloudio/uni-h5": {
			"version": "2.0.2-4070620250821001",
			"resolved": "https://registry.npmjs.org/@dcloudio/uni-h5/-/uni-h5-2.0.2-4070620250821001.tgz",
			"integrity": "sha512-g/Dp20OJMpls4aBkdvzVdFejcjcFMOr/7usrnE+3AxiVl7XMgDl9dzrfcRSxkKzgYkI89HOdW0yEHpxma9X2Gw==",
			"dev": true,
			"requires": {
				"base64-arraybuffer": "^0.2.0",
				"intersection-observer": "^0.7.0",
				"pako": "^1.0.11",
				"postcss-urlrewrite": "^0.3.0",
				"safe-area-insets": "^1.4.1"
			}
		},
		"@dcloudio/uni-mp-weixin": {
			"version": "2.0.2-4070620250821001",
			"resolved": "https://registry.npmjs.org/@dcloudio/uni-mp-weixin/-/uni-mp-weixin-2.0.2-4070620250821001.tgz",
			"integrity": "sha512-UfreIiWV3LKi5RVg/5MBL14pE87RvY2KGxdr4JY0B87gSCDvjwq/n7cTG8OhHoM41M0be2dEsurj9P6ZKL/YOA==",
			"dev": true
		},
		"base64-arraybuffer": {
			"version": "0.2.0",
			"resolved": "https://registry.npmjs.org/base64-arraybuffer/-/base64-arraybuffer-0.2.0.tgz",
			"integrity": "sha512-7emyCsu1/xiBXgQZrscw/8KPRT44I4Yq9Pe6EGs3aPRTsWuggML1/1DTuZUuIaJPIm1FTDUVXl4x/yW8s0kQDQ==",
			"dev": true
		},
		"echarts": {
			"version": "5.6.0",
			"requires": {
				"tslib": "2.3.0",
				"zrender": "5.6.1"
			}
		},
		"intersection-observer": {
			"version": "0.7.0",
			"resolved": "https://registry.npmjs.org/intersection-observer/-/intersection-observer-0.7.0.tgz",
			"integrity": "sha512-Id0Fij0HsB/vKWGeBe9PxeY45ttRiBmhFyyt/geBdDHBYNctMRTE3dC1U3ujzz3lap+hVXlEcVaB56kZP/eEUg==",
			"dev": true
		},
		"mpvue-echarts": {
			"version": "0.3.2"
		},
		"pako": {
			"version": "1.0.11",
			"resolved": "https://registry.npmjs.org/pako/-/pako-1.0.11.tgz",
			"integrity": "sha512-4hLB8Py4zZce5s4yd9XzopqwVv/yGNhV1Bl8NTmCq1763HeK2+EwVTv+leGeL13Dnh2wfbqowVPXCIO0z4taYw==",
			"dev": true
		},
		"postcss-helpers": {
			"version": "0.3.3",
			"resolved": "https://registry.npmjs.org/postcss-helpers/-/postcss-helpers-0.3.3.tgz",
			"integrity": "sha512-VumiUcrpbxGlTBNQj6fUOkb/HNRUk/xYz8bNlhgVOdvk3yWEy4B+0nlDUZZM9mTVZ5bJoxUy7WT6z/4E7oMTgw==",
			"dev": true,
			"requires": {
				"urijs": "^1.18.12"
			}
		},
		"postcss-urlrewrite": {
			"version": "0.3.0",
			"resolved": "https://registry.npmjs.org/postcss-urlrewrite/-/postcss-urlrewrite-0.3.0.tgz",
			"integrity": "sha512-504S/dMa7a0n1yghE2I6fxY/DfMUM+w9qsFaoYnXE8KsCofmKLlA7PKbR+wtdEJ0N00Z1lGYxX/oFz13xArcLQ==",
			"dev": true,
			"requires": {
				"postcss-helpers": "^0.3.3"
			}
		},
		"safe-area-insets": {
			"version": "1.4.1",
			"resolved": "https://registry.npmjs.org/safe-area-insets/-/safe-area-insets-1.4.1.tgz",
			"integrity": "sha512-r/nRWTjFGhhm3w1Z6Kd/jY11srN+lHt2mNl1E/emQGW8ic7n3Avu4noibklfSM+Y34peNphHD/BSZecav0sXYQ==",
			"dev": true
		},
		"tslib": {
			"version": "2.3.0",
			"resolved": "https://registry.npmjs.org/tslib/-/tslib-2.3.0.tgz",
			"integrity": "sha512-N82ooyxVNm6h1riLCoyS9e3fuJ3AMG2zIZs2Gd1ATcSFjSA23Q0fzjjZeh0jbJvWVDZ0cJT8yaNNaaXHzueNjg=="
		},
		"urijs": {
			"version": "1.19.11",
			"resolved": "https://registry.npmjs.org/urijs/-/urijs-1.19.11.tgz",
			"integrity": "sha512-HXgFDgDommxn5/bIv0cnQZsPhHDA90NPHD6+c/v21U5+Sx5hoP8+dP9IZXBU1gIfvdRfhG8cel9QNPeionfcCQ==",
			"dev": true
		},
		"zrender": {
			"version": "5.6.1",
			"resolved": "https://registry.npmjs.org/zrender/-/zrender-5.6.1.tgz",
			"integrity": "sha512-OFXkDJKcrlx5su2XbzJvj/34Q3m6PvyCZkVPHGYpcCJ52ek4U/ymZyfuV1nKE23AyBJ51E/6Yr0mhZ7xGTO4ag==",
			"requires": {
				"tslib": "2.3.0"
			}
		}
	}
}
